
Microsoft Visual Studio Solution File, Format Version 12.00
# Visual Studio 15
VisualStudioVersion = 15.0.26430.13
MinimumVisualStudioVersion = 10.0.40219.1
Project("{FAE04EC0-301F-11D3-BF4B-00C04F79EFBC}") = "Microsoft.TeamServices.Samples.Client", "Microsoft.TeamServices.Samples.Client\Microsoft.TeamServices.Samples.Client.csproj", "{545851E1-9BD9-4939-8AF4-9A8910CF5C34}"
EndProject
Project("{FAE04EC0-301F-11D3-BF4B-00C04F79EFBC}") = "Microsoft.TeamServices.Samples.Client.Test", "Microsoft.TeamServices.Samples.Client.Test\Microsoft.TeamServices.Samples.Client.Test.csproj", "{AAA30379-02BF-447C-829C-225E2D2B1069}"
EndProject
Project("{FAE04EC0-301F-11D3-BF4B-00C04F79EFBC}") = "Microsoft.TeamServices.Samples.Client.Runner", "Microsoft.TeamServices.Samples.Client.Runner\Microsoft.TeamServices.Samples.Client.Runner.csproj", "{0CDA3AB5-3C7A-43D2-875C-66ED734CF864}"
EndProject
Project("{2150E333-8FDC-42A3-9474-1A3956D46DE8}") = "Solution Items", "Solution Items", "{6FEB3108-E18A-4189-8399-4CECDA84A1F9}"
	ProjectSection(SolutionItems) = preProject
		contribute.md = contribute.md
		license.md = license.md
		README.md = README.md
	EndProjectSection
EndProject
Project("{FAE04EC0-301F-11D3-BF4B-00C04F79EFBC}") = "GenClient", "D:\VSOrmmaster\src\Vssf\SdkTools\RestClientGen\GenClient\GenClient.csproj", "{F0141020-4EAE-4566-A12E-D9FAC7597CF9}"
EndProject
Project("{FAE04EC0-301F-11D3-BF4B-00C04F79EFBC}") = "MS.VS.Services.RestClientGen.Generator", "D:\VSOrmmaster\src\Vssf\SdkTools\RestClientGen\Generator\MS.VS.Services.RestClientGen.Generator.csproj", "{87EBF78C-9334-470F-84D1-15545D7F7667}"
EndProject
Global
	GlobalSection(SolutionConfigurationPlatforms) = preSolution
		Debug|Any CPU = Debug|Any CPU
		Release|Any CPU = Release|Any CPU
	EndGlobalSection
	GlobalSection(ProjectConfigurationPlatforms) = postSolution
		{545851E1-9BD9-4939-8AF4-9A8910CF5C34}.Debug|Any CPU.ActiveCfg = Debug|Any CPU
		{545851E1-9BD9-4939-8AF4-9A8910CF5C34}.Debug|Any CPU.Build.0 = Debug|Any CPU
		{545851E1-9BD9-4939-8AF4-9A8910CF5C34}.Release|Any CPU.ActiveCfg = Release|Any CPU
		{545851E1-9BD9-4939-8AF4-9A8910CF5C34}.Release|Any CPU.Build.0 = Release|Any CPU
		{AAA30379-02BF-447C-829C-225E2D2B1069}.Debug|Any CPU.ActiveCfg = Debug|Any CPU
		{AAA30379-02BF-447C-829C-225E2D2B1069}.Debug|Any CPU.Build.0 = Debug|Any CPU
		{AAA30379-02BF-447C-829C-225E2D2B1069}.Release|Any CPU.ActiveCfg = Release|Any CPU
		{AAA30379-02BF-447C-829C-225E2D2B1069}.Release|Any CPU.Build.0 = Release|Any CPU
		{0CDA3AB5-3C7A-43D2-875C-66ED734CF864}.Debug|Any CPU.ActiveCfg = Debug|Any CPU
		{0CDA3AB5-3C7A-43D2-875C-66ED734CF864}.Debug|Any CPU.Build.0 = Debug|Any CPU
		{0CDA3AB5-3C7A-43D2-875C-66ED734CF864}.Release|Any CPU.ActiveCfg = Release|Any CPU
		{0CDA3AB5-3C7A-43D2-875C-66ED734CF864}.Release|Any CPU.Build.0 = Release|Any CPU
		{F0141020-4EAE-4566-A12E-D9FAC7597CF9}.Debug|Any CPU.ActiveCfg = Debug|Any CPU
		{F0141020-4EAE-4566-A12E-D9FAC7597CF9}.Debug|Any CPU.Build.0 = Debug|Any CPU
		{F0141020-4EAE-4566-A12E-D9FAC7597CF9}.Release|Any CPU.ActiveCfg = Release|Any CPU
		{F0141020-4EAE-4566-A12E-D9FAC7597CF9}.Release|Any CPU.Build.0 = Release|Any CPU
		{87EBF78C-9334-470F-84D1-15545D7F7667}.Debug|Any CPU.ActiveCfg = Debug|Any CPU
		{87EBF78C-9334-470F-84D1-15545D7F7667}.Debug|Any CPU.Build.0 = Debug|Any CPU
		{87EBF78C-9334-470F-84D1-15545D7F7667}.Release|Any CPU.ActiveCfg = Release|Any CPU
		{87EBF78C-9334-470F-84D1-15545D7F7667}.Release|Any CPU.Build.0 = Release|Any CPU
	EndGlobalSection
	GlobalSection(SolutionProperties) = preSolution
		HideSolutionNode = FALSE
	EndGlobalSection
EndGlobal
